
Microsoft Visual Studio Solution File, Format Version 12.00
# Visual Studio Version 16
VisualStudioVersion = 16.0.31402.337
MinimumVisualStudioVersion = 10.0.40219.1
Project("{FAE04EC0-301F-11D3-BF4B-00C04F79EFBC}") = "ATG.Web", "ATG.Web\ATG.Web.csproj", "{7E337E08-2C81-4FF9-8FC9-F3095446A604}"
EndProject
Project("{FAE04EC0-301F-11D3-BF4B-00C04F79EFBC}") = "ATG.Services", "ATG.Services\ATG.Services.csproj", "{30D16821-0A7B-457F-BD50-BC2CF239F3B2}"
EndProject
Project("{FAE04EC0-301F-11D3-BF4B-00C04F79EFBC}") = "ATG.Libraries", "ATG.Libraries\ATG.Libraries.csproj", "{E0564446-6D92-4792-8A41-B5222219547C}"
EndProject
Project("{FAE04EC0-301F-11D3-BF4B-00C04F79EFBC}") = "ATG.Data", "ATG.Data\ATG.Data.csproj", "{E351E7AD-05B1-479B-9B56-256F76A44F1B}"
EndProject
Project("{FAE04EC0-301F-11D3-BF4B-00C04F79EFBC}") = "ATG.Repositories", "ATG.Repositories\ATG.Repositories.csproj", "{CF3340C8-F8F9-433C-89DE-034A5D6F1C37}"
EndProject
Project("{FAE04EC0-301F-11D3-BF4B-00C04F79EFBC}") = "ATG.Tests", "ATG.Tests\ATG.Tests.csproj", "{777311CD-B87F-44B3-B66D-9BA2B4F91189}"
EndProject
Global
	GlobalSection(SolutionConfigurationPlatforms) = preSolution
		Debug|Any CPU = Debug|Any CPU
		Release|Any CPU = Release|Any CPU
	EndGlobalSection
	GlobalSection(ProjectConfigurationPlatforms) = postSolution
		{7E337E08-2C81-4FF9-8FC9-F3095446A604}.Debug|Any CPU.ActiveCfg = Debug|Any CPU
		{7E337E08-2C81-4FF9-8FC9-F3095446A604}.Debug|Any CPU.Build.0 = Debug|Any CPU
		{7E337E08-2C81-4FF9-8FC9-F3095446A604}.Release|Any CPU.ActiveCfg = Release|Any CPU
		{7E337E08-2C81-4FF9-8FC9-F3095446A604}.Release|Any CPU.Build.0 = Release|Any CPU
		{30D16821-0A7B-457F-BD50-BC2CF239F3B2}.Debug|Any CPU.ActiveCfg = Debug|Any CPU
		{30D16821-0A7B-457F-BD50-BC2CF239F3B2}.Debug|Any CPU.Build.0 = Debug|Any CPU
		{30D16821-0A7B-457F-BD50-BC2CF239F3B2}.Release|Any CPU.ActiveCfg = Release|Any CPU
		{30D16821-0A7B-457F-BD50-BC2CF239F3B2}.Release|Any CPU.Build.0 = Release|Any CPU
		{E0564446-6D92-4792-8A41-B5222219547C}.Debug|Any CPU.ActiveCfg = Debug|Any CPU
		{E0564446-6D92-4792-8A41-B5222219547C}.Debug|Any CPU.Build.0 = Debug|Any CPU
		{E0564446-6D92-4792-8A41-B5222219547C}.Release|Any CPU.ActiveCfg = Release|Any CPU
		{E0564446-6D92-4792-8A41-B5222219547C}.Release|Any CPU.Build.0 = Release|Any CPU
		{E351E7AD-05B1-479B-9B56-256F76A44F1B}.Debug|Any CPU.ActiveCfg = Debug|Any CPU
		{E351E7AD-05B1-479B-9B56-256F76A44F1B}.Debug|Any CPU.Build.0 = Debug|Any CPU
		{E351E7AD-05B1-479B-9B56-256F76A44F1B}.Release|Any CPU.ActiveCfg = Release|Any CPU
		{E351E7AD-05B1-479B-9B56-256F76A44F1B}.Release|Any CPU.Build.0 = Release|Any CPU
		{CF3340C8-F8F9-433C-89DE-034A5D6F1C37}.Debug|Any CPU.ActiveCfg = Debug|Any CPU
		{CF3340C8-F8F9-433C-89DE-034A5D6F1C37}.Debug|Any CPU.Build.0 = Debug|Any CPU
		{CF3340C8-F8F9-433C-89DE-034A5D6F1C37}.Release|Any CPU.ActiveCfg = Release|Any CPU
		{CF3340C8-F8F9-433C-89DE-034A5D6F1C37}.Release|Any CPU.Build.0 = Release|Any CPU
		{777311CD-B87F-44B3-B66D-9BA2B4F91189}.Debug|Any CPU.ActiveCfg = Debug|Any CPU
		{777311CD-B87F-44B3-B66D-9BA2B4F91189}.Debug|Any CPU.Build.0 = Debug|Any CPU
		{777311CD-B87F-44B3-B66D-9BA2B4F91189}.Release|Any CPU.ActiveCfg = Release|Any CPU
		{777311CD-B87F-44B3-B66D-9BA2B4F91189}.Release|Any CPU.Build.0 = Release|Any CPU
	EndGlobalSection
	GlobalSection(SolutionProperties) = preSolution
		HideSolutionNode = FALSE
	EndGlobalSection
	GlobalSection(ExtensibilityGlobals) = postSolution
		SolutionGuid = {8E2AE7CB-FC71-4D8F-810F-19578042EFFA}
	EndGlobalSection
EndGlobal
